
Microsoft Visual Studio Solution File, Format Version 12.00
# Visual Studio Version 16
VisualStudioVersion = 16.0.29306.81
MinimumVisualStudioVersion = 10.0.40219.1
Project("{FAE04EC0-301F-11D3-BF4B-00C04F79EFBC}") = "BanknotenPrüfung", "BanknotenPrüfung\BanknotenPrüfung.csproj", "{2EA0B88B-309F-4D39-945B-040712D84B91}"
EndProject
Global
	GlobalSection(SolutionConfigurationPlatforms) = preSolution
		Debug|Any CPU = Debug|Any CPU
		Release|Any CPU = Release|Any CPU
	EndGlobalSection
	GlobalSection(ProjectConfigurationPlatforms) = postSolution
		{2EA0B88B-309F-4D39-945B-040712D84B91}.Debug|Any CPU.ActiveCfg = Debug|Any CPU
		{2EA0B88B-309F-4D39-945B-040712D84B91}.Debug|Any CPU.Build.0 = Debug|Any CPU
		{2EA0B88B-309F-4D39-945B-040712D84B91}.Release|Any CPU.ActiveCfg = Release|Any CPU
		{2EA0B88B-309F-4D39-945B-040712D84B91}.Release|Any CPU.Build.0 = Release|Any CPU
	EndGlobalSection
	GlobalSection(SolutionProperties) = preSolution
		HideSolutionNode = FALSE
	EndGlobalSection
	GlobalSection(ExtensibilityGlobals) = postSolution
		SolutionGuid = {F6510D41-60E7-4AC9-938C-B322F4B74650}
	EndGlobalSection
EndGlobal
